# THIS IS AN AUTOGENERATED FILE. DO NOT EDIT THIS FILE DIRECTLY.
# yarn lockfile v1


"@types/aws-lambda@^8.10.92":
  version "8.10.121"
  resolved "https://registry.yarnpkg.com/@types/aws-lambda/-/aws-lambda-8.10.121.tgz#2702b77a77fadea98bbef43502a289882361854b"
  integrity sha512-Y/jsUwO18HuC0a39BuMQkSOd/kMGATh/h5LNksw8FlTafbQ3Ge3578ZoT8w8gSOsWl2qH1p/SS/R61vc0X5jIQ==
